
Microsoft Visual Studio Solution File, Format Version 12.00
# Visual Studio Version 17
VisualStudioVersion = 17.3.32901.215
MinimumVisualStudioVersion = 10.0.40219.1
Project("{FAE04EC0-301F-11D3-BF4B-00C04F79EFBC}") = "EntityFramework", "EntityFramework\EntityFramework.csproj", "{31E8F3B6-6C5F-4994-9231-4D0073A9223E}"
EndProject
Global
	GlobalSection(SolutionConfigurationPlatforms) = preSolution
		Debug|Any CPU = Debug|Any CPU
		Release|Any CPU = Release|Any CPU
	EndGlobalSection
	GlobalSection(ProjectConfigurationPlatforms) = postSolution
		{31E8F3B6-6C5F-4994-9231-4D0073A9223E}.Debug|Any CPU.ActiveCfg = Debug|Any CPU
		{31E8F3B6-6C5F-4994-9231-4D0073A9223E}.Debug|Any CPU.Build.0 = Debug|Any CPU
		{31E8F3B6-6C5F-4994-9231-4D0073A9223E}.Release|Any CPU.ActiveCfg = Release|Any CPU
		{31E8F3B6-6C5F-4994-9231-4D0073A9223E}.Release|Any CPU.Build.0 = Release|Any CPU
	EndGlobalSection
	GlobalSection(SolutionProperties) = preSolution
		HideSolutionNode = FALSE
	EndGlobalSection
	GlobalSection(ExtensibilityGlobals) = postSolution
		SolutionGuid = {E5169FA5-4450-4852-98AE-DFFA0729F310}
	EndGlobalSection
EndGlobal
